
Microsoft Visual Studio Solution File, Format Version 12.00
# Visual Studio Version 16
VisualStudioVersion = 16.0.30204.135
MinimumVisualStudioVersion = 10.0.40219.1
Project("{FAE04EC0-301F-11D3-BF4B-00C04F79EFBC}") = "ProyectoInterfaz", "ProyectoInterfaz\ProyectoInterfaz.csproj", "{DA95195B-9578-484D-AC09-1ACA58D4795A}"
EndProject
Project("{FAE04EC0-301F-11D3-BF4B-00C04F79EFBC}") = "AlgoritmosOrdenacion", "AlgoritmosOrdenacion\AlgoritmosOrdenacion.csproj", "{82607F42-7C67-4307-81BE-F4566689557E}"
EndProject
Global
	GlobalSection(SolutionConfigurationPlatforms) = preSolution
		Debug|Any CPU = Debug|Any CPU
		Release|Any CPU = Release|Any CPU
	EndGlobalSection
	GlobalSection(ProjectConfigurationPlatforms) = postSolution
		{DA95195B-9578-484D-AC09-1ACA58D4795A}.Debug|Any CPU.ActiveCfg = Debug|Any CPU
		{DA95195B-9578-484D-AC09-1ACA58D4795A}.Debug|Any CPU.Build.0 = Debug|Any CPU
		{DA95195B-9578-484D-AC09-1ACA58D4795A}.Release|Any CPU.ActiveCfg = Release|Any CPU
		{DA95195B-9578-484D-AC09-1ACA58D4795A}.Release|Any CPU.Build.0 = Release|Any CPU
		{82607F42-7C67-4307-81BE-F4566689557E}.Debug|Any CPU.ActiveCfg = Debug|Any CPU
		{82607F42-7C67-4307-81BE-F4566689557E}.Debug|Any CPU.Build.0 = Debug|Any CPU
		{82607F42-7C67-4307-81BE-F4566689557E}.Release|Any CPU.ActiveCfg = Release|Any CPU
		{82607F42-7C67-4307-81BE-F4566689557E}.Release|Any CPU.Build.0 = Release|Any CPU
	EndGlobalSection
	GlobalSection(SolutionProperties) = preSolution
		HideSolutionNode = FALSE
	EndGlobalSection
	GlobalSection(ExtensibilityGlobals) = postSolution
		SolutionGuid = {175960DD-E06D-4BF1-A24D-00532E3FFFB3}
	EndGlobalSection
EndGlobal
